
Microsoft Visual Studio Solution File, Format Version 12.00
# Visual Studio Version 17
VisualStudioVersion = 17.7.34009.444
MinimumVisualStudioVersion = 10.0.40219.1
Project("{9A19103F-16F7-4668-BE54-9A1E7A4F7556}") = "Day11", "2023\Day11\Day11.csproj", "{6E137520-01C5-46AB-A78F-28887C3FC69C}"
EndProject
Project("{9A19103F-16F7-4668-BE54-9A1E7A4F7556}") = "Day10", "2023\Day10\Day10.csproj", "{DFBDD588-8B7F-4865-8ABD-AFF6045A3678}"
EndProject
Project("{9A19103F-16F7-4668-BE54-9A1E7A4F7556}") = "Day01", "2023\Day01\Day01.csproj", "{902277C8-75C6-48A4-A674-9DACEF4F2F7F}"
EndProject
Project("{9A19103F-16F7-4668-BE54-9A1E7A4F7556}") = "Day02", "2023\Day02\Day02.csproj", "{E8815578-A06F-4AF7-9FC0-6AA5D71C75DD}"
EndProject
Project("{9A19103F-16F7-4668-BE54-9A1E7A4F7556}") = "Day03", "2023\Day03\Day03.csproj", "{7C50FA96-D66B-4DF9-B465-A26029CD1C8B}"
EndProject
Project("{9A19103F-16F7-4668-BE54-9A1E7A4F7556}") = "Day04", "2023\Day04\Day04.csproj", "{B4B06781-2DEA-4A3D-BB1C-53D3495465DE}"
EndProject
Project("{9A19103F-16F7-4668-BE54-9A1E7A4F7556}") = "Day05", "2023\Day05\Day05.csproj", "{E32D4D3E-EBE3-4117-956A-A77C368358DC}"
EndProject
Project("{9A19103F-16F7-4668-BE54-9A1E7A4F7556}") = "Day07", "2023\Day07\Day07.csproj", "{FB70D540-2C70-4A00-96A0-DF3ADCB78C46}"
EndProject
Project("{9A19103F-16F7-4668-BE54-9A1E7A4F7556}") = "Day08", "2023\Day08\Day08.csproj", "{8A49D17F-357C-4842-93B2-F41DC7D92735}"
EndProject
Project("{9A19103F-16F7-4668-BE54-9A1E7A4F7556}") = "Day09", "2023\Day09\Day09.csproj", "{AEC08658-2DF3-4B38-99BD-4EE5D7C9A483}"
EndProject
Project("{9A19103F-16F7-4668-BE54-9A1E7A4F7556}") = "Day12", "2023\Day12\Day12.csproj", "{4556CC30-DA26-4068-9ED7-DF93CBAA3BE8}"
EndProject
Project("{9A19103F-16F7-4668-BE54-9A1E7A4F7556}") = "Day06", "2023\Day06\Day06.csproj", "{122D689A-A200-448F-BDA4-1FD77E0D7B1F}"
EndProject
Project("{9A19103F-16F7-4668-BE54-9A1E7A4F7556}") = "Day13", "2023\Day13\Day13.csproj", "{2633EEAA-6D3A-435A-BD49-228E3CE58B8C}"
EndProject
Project("{9A19103F-16F7-4668-BE54-9A1E7A4F7556}") = "Day14", "2023\Day14\Day14.csproj", "{E1A64831-1922-4632-82CC-CB8D249B2A01}"
EndProject
Project("{9A19103F-16F7-4668-BE54-9A1E7A4F7556}") = "Day15", "2023\Day15\Day15.csproj", "{44C1E4C2-EFEB-4BDA-B437-5E406BB53BB3}"
EndProject
Project("{9A19103F-16F7-4668-BE54-9A1E7A4F7556}") = "Day16", "2023\Day16\Day16.csproj", "{0D6CB431-BD6F-4C6D-88F0-EEE62DCB1EDA}"
EndProject
Project("{9A19103F-16F7-4668-BE54-9A1E7A4F7556}") = "Day17", "2023\Day17\Day17.csproj", "{75BE20C2-F490-46C7-BEF8-4B8BC8EED017}"
EndProject
Project("{9A19103F-16F7-4668-BE54-9A1E7A4F7556}") = "Day18", "2023\Day18\Day18.csproj", "{E5D469E3-D416-48DA-8C30-3D6459BD3A62}"
EndProject
Project("{9A19103F-16F7-4668-BE54-9A1E7A4F7556}") = "Day19", "2023\Day19\Day19.csproj", "{0397B3D1-8CCA-484F-92EE-9EF37A410366}"
EndProject
Project("{9A19103F-16F7-4668-BE54-9A1E7A4F7556}") = "Day20", "2023\Day20\Day20.csproj", "{D55E4EEA-42CD-43BD-B7B4-3038A01C9B0B}"
EndProject
Project("{9A19103F-16F7-4668-BE54-9A1E7A4F7556}") = "Day21", "2023\Day21\Day21.csproj", "{4C91B79D-8C20-49B3-8D0C-A4AFBCE8BDB7}"
EndProject
Project("{9A19103F-16F7-4668-BE54-9A1E7A4F7556}") = "Day22", "2023\Day22\Day22.csproj", "{18DFD245-15CE-44B1-AD55-63B17819F05F}"
EndProject
Project("{9A19103F-16F7-4668-BE54-9A1E7A4F7556}") = "Day23", "2023\Day23\Day23.csproj", "{DA0D4401-AED1-4D90-A5D7-BDBAC8D3EDBF}"
EndProject
Project("{9A19103F-16F7-4668-BE54-9A1E7A4F7556}") = "Day24", "2023\Day24\Day24.csproj", "{33315B5D-449F-409F-9F94-0DBA8EC2E0C8}"
EndProject
Project("{9A19103F-16F7-4668-BE54-9A1E7A4F7556}") = "Day25", "2023\Day25\Day25.csproj", "{CD76EA6A-776B-44E7-956B-7E101CC464CD}"
EndProject
Global
	GlobalSection(SolutionConfigurationPlatforms) = preSolution
		Debug|Any CPU = Debug|Any CPU
		Release|Any CPU = Release|Any CPU
	EndGlobalSection
	GlobalSection(ProjectConfigurationPlatforms) = postSolution
		{6E137520-01C5-46AB-A78F-28887C3FC69C}.Debug|Any CPU.ActiveCfg = Debug|Any CPU
		{6E137520-01C5-46AB-A78F-28887C3FC69C}.Debug|Any CPU.Build.0 = Debug|Any CPU
		{6E137520-01C5-46AB-A78F-28887C3FC69C}.Release|Any CPU.ActiveCfg = Release|Any CPU
		{6E137520-01C5-46AB-A78F-28887C3FC69C}.Release|Any CPU.Build.0 = Release|Any CPU
		{DFBDD588-8B7F-4865-8ABD-AFF6045A3678}.Debug|Any CPU.ActiveCfg = Debug|Any CPU
		{DFBDD588-8B7F-4865-8ABD-AFF6045A3678}.Debug|Any CPU.Build.0 = Debug|Any CPU
		{DFBDD588-8B7F-4865-8ABD-AFF6045A3678}.Release|Any CPU.ActiveCfg = Release|Any CPU
		{DFBDD588-8B7F-4865-8ABD-AFF6045A3678}.Release|Any CPU.Build.0 = Release|Any CPU
		{902277C8-75C6-48A4-A674-9DACEF4F2F7F}.Debug|Any CPU.ActiveCfg = Debug|Any CPU
		{902277C8-75C6-48A4-A674-9DACEF4F2F7F}.Debug|Any CPU.Build.0 = Debug|Any CPU
		{902277C8-75C6-48A4-A674-9DACEF4F2F7F}.Release|Any CPU.ActiveCfg = Release|Any CPU
		{902277C8-75C6-48A4-A674-9DACEF4F2F7F}.Release|Any CPU.Build.0 = Release|Any CPU
		{E8815578-A06F-4AF7-9FC0-6AA5D71C75DD}.Debug|Any CPU.ActiveCfg = Debug|Any CPU
		{E8815578-A06F-4AF7-9FC0-6AA5D71C75DD}.Debug|Any CPU.Build.0 = Debug|Any CPU
		{E8815578-A06F-4AF7-9FC0-6AA5D71C75DD}.Release|Any CPU.ActiveCfg = Release|Any CPU
		{E8815578-A06F-4AF7-9FC0-6AA5D71C75DD}.Release|Any CPU.Build.0 = Release|Any CPU
		{7C50FA96-D66B-4DF9-B465-A26029CD1C8B}.Debug|Any CPU.ActiveCfg = Debug|Any CPU
		{7C50FA96-D66B-4DF9-B465-A26029CD1C8B}.Debug|Any CPU.Build.0 = Debug|Any CPU
		{7C50FA96-D66B-4DF9-B465-A26029CD1C8B}.Release|Any CPU.ActiveCfg = Release|Any CPU
		{7C50FA96-D66B-4DF9-B465-A26029CD1C8B}.Release|Any CPU.Build.0 = Release|Any CPU
		{B4B06781-2DEA-4A3D-BB1C-53D3495465DE}.Debug|Any CPU.ActiveCfg = Debug|Any CPU
		{B4B06781-2DEA-4A3D-BB1C-53D3495465DE}.Debug|Any CPU.Build.0 = Debug|Any CPU
		{B4B06781-2DEA-4A3D-BB1C-53D3495465DE}.Release|Any CPU.ActiveCfg = Release|Any CPU
		{B4B06781-2DEA-4A3D-BB1C-53D3495465DE}.Release|Any CPU.Build.0 = Release|Any CPU
		{E32D4D3E-EBE3-4117-956A-A77C368358DC}.Debug|Any CPU.ActiveCfg = Debug|Any CPU
		{E32D4D3E-EBE3-4117-956A-A77C368358DC}.Debug|Any CPU.Build.0 = Debug|Any CPU
		{E32D4D3E-EBE3-4117-956A-A77C368358DC}.Release|Any CPU.ActiveCfg = Release|Any CPU
		{E32D4D3E-EBE3-4117-956A-A77C368358DC}.Release|Any CPU.Build.0 = Release|Any CPU
		{FB70D540-2C70-4A00-96A0-DF3ADCB78C46}.Debug|Any CPU.ActiveCfg = Debug|Any CPU
		{FB70D540-2C70-4A00-96A0-DF3ADCB78C46}.Debug|Any CPU.Build.0 = Debug|Any CPU
		{FB70D540-2C70-4A00-96A0-DF3ADCB78C46}.Release|Any CPU.ActiveCfg = Release|Any CPU
		{FB70D540-2C70-4A00-96A0-DF3ADCB78C46}.Release|Any CPU.Build.0 = Release|Any CPU
		{8A49D17F-357C-4842-93B2-F41DC7D92735}.Debug|Any CPU.ActiveCfg = Debug|Any CPU
		{8A49D17F-357C-4842-93B2-F41DC7D92735}.Debug|Any CPU.Build.0 = Debug|Any CPU
		{8A49D17F-357C-4842-93B2-F41DC7D92735}.Release|Any CPU.ActiveCfg = Release|Any CPU
		{8A49D17F-357C-4842-93B2-F41DC7D92735}.Release|Any CPU.Build.0 = Release|Any CPU
		{AEC08658-2DF3-4B38-99BD-4EE5D7C9A483}.Debug|Any CPU.ActiveCfg = Debug|Any CPU
		{AEC08658-2DF3-4B38-99BD-4EE5D7C9A483}.Debug|Any CPU.Build.0 = Debug|Any CPU
		{AEC08658-2DF3-4B38-99BD-4EE5D7C9A483}.Release|Any CPU.ActiveCfg = Release|Any CPU
		{AEC08658-2DF3-4B38-99BD-4EE5D7C9A483}.Release|Any CPU.Build.0 = Release|Any CPU
		{4556CC30-DA26-4068-9ED7-DF93CBAA3BE8}.Debug|Any CPU.ActiveCfg = Debug|Any CPU
		{4556CC30-DA26-4068-9ED7-DF93CBAA3BE8}.Debug|Any CPU.Build.0 = Debug|Any CPU
		{4556CC30-DA26-4068-9ED7-DF93CBAA3BE8}.Release|Any CPU.ActiveCfg = Release|Any CPU
		{4556CC30-DA26-4068-9ED7-DF93CBAA3BE8}.Release|Any CPU.Build.0 = Release|Any CPU
		{122D689A-A200-448F-BDA4-1FD77E0D7B1F}.Debug|Any CPU.ActiveCfg = Debug|Any CPU
		{122D689A-A200-448F-BDA4-1FD77E0D7B1F}.Debug|Any CPU.Build.0 = Debug|Any CPU
		{122D689A-A200-448F-BDA4-1FD77E0D7B1F}.Release|Any CPU.ActiveCfg = Release|Any CPU
		{122D689A-A200-448F-BDA4-1FD77E0D7B1F}.Release|Any CPU.Build.0 = Release|Any CPU
		{2633EEAA-6D3A-435A-BD49-228E3CE58B8C}.Debug|Any CPU.ActiveCfg = Debug|Any CPU
		{2633EEAA-6D3A-435A-BD49-228E3CE58B8C}.Debug|Any CPU.Build.0 = Debug|Any CPU
		{2633EEAA-6D3A-435A-BD49-228E3CE58B8C}.Release|Any CPU.ActiveCfg = Release|Any CPU
		{2633EEAA-6D3A-435A-BD49-228E3CE58B8C}.Release|Any CPU.Build.0 = Release|Any CPU
		{E1A64831-1922-4632-82CC-CB8D249B2A01}.Debug|Any CPU.ActiveCfg = Debug|Any CPU
		{E1A64831-1922-4632-82CC-CB8D249B2A01}.Debug|Any CPU.Build.0 = Debug|Any CPU
		{E1A64831-1922-4632-82CC-CB8D249B2A01}.Release|Any CPU.ActiveCfg = Release|Any CPU
		{E1A64831-1922-4632-82CC-CB8D249B2A01}.Release|Any CPU.Build.0 = Release|Any CPU
		{44C1E4C2-EFEB-4BDA-B437-5E406BB53BB3}.Debug|Any CPU.ActiveCfg = Debug|Any CPU
		{44C1E4C2-EFEB-4BDA-B437-5E406BB53BB3}.Debug|Any CPU.Build.0 = Debug|Any CPU
		{44C1E4C2-EFEB-4BDA-B437-5E406BB53BB3}.Release|Any CPU.ActiveCfg = Release|Any CPU
		{44C1E4C2-EFEB-4BDA-B437-5E406BB53BB3}.Release|Any CPU.Build.0 = Release|Any CPU
		{0D6CB431-BD6F-4C6D-88F0-EEE62DCB1EDA}.Debug|Any CPU.ActiveCfg = Debug|Any CPU
		{0D6CB431-BD6F-4C6D-88F0-EEE62DCB1EDA}.Debug|Any CPU.Build.0 = Debug|Any CPU
		{0D6CB431-BD6F-4C6D-88F0-EEE62DCB1EDA}.Release|Any CPU.ActiveCfg = Release|Any CPU
		{0D6CB431-BD6F-4C6D-88F0-EEE62DCB1EDA}.Release|Any CPU.Build.0 = Release|Any CPU
		{75BE20C2-F490-46C7-BEF8-4B8BC8EED017}.Debug|Any CPU.ActiveCfg = Debug|Any CPU
		{75BE20C2-F490-46C7-BEF8-4B8BC8EED017}.Debug|Any CPU.Build.0 = Debug|Any CPU
		{75BE20C2-F490-46C7-BEF8-4B8BC8EED017}.Release|Any CPU.ActiveCfg = Release|Any CPU
		{75BE20C2-F490-46C7-BEF8-4B8BC8EED017}.Release|Any CPU.Build.0 = Release|Any CPU
		{E5D469E3-D416-48DA-8C30-3D6459BD3A62}.Debug|Any CPU.ActiveCfg = Debug|Any CPU
		{E5D469E3-D416-48DA-8C30-3D6459BD3A62}.Debug|Any CPU.Build.0 = Debug|Any CPU
		{E5D469E3-D416-48DA-8C30-3D6459BD3A62}.Release|Any CPU.ActiveCfg = Release|Any CPU
		{E5D469E3-D416-48DA-8C30-3D6459BD3A62}.Release|Any CPU.Build.0 = Release|Any CPU
		{0397B3D1-8CCA-484F-92EE-9EF37A410366}.Debug|Any CPU.ActiveCfg = Debug|Any CPU
		{0397B3D1-8CCA-484F-92EE-9EF37A410366}.Debug|Any CPU.Build.0 = Debug|Any CPU
		{0397B3D1-8CCA-484F-92EE-9EF37A410366}.Release|Any CPU.ActiveCfg = Release|Any CPU
		{0397B3D1-8CCA-484F-92EE-9EF37A410366}.Release|Any CPU.Build.0 = Release|Any CPU
		{D55E4EEA-42CD-43BD-B7B4-3038A01C9B0B}.Debug|Any CPU.ActiveCfg = Debug|Any CPU
		{D55E4EEA-42CD-43BD-B7B4-3038A01C9B0B}.Debug|Any CPU.Build.0 = Debug|Any CPU
		{D55E4EEA-42CD-43BD-B7B4-3038A01C9B0B}.Release|Any CPU.ActiveCfg = Release|Any CPU
		{D55E4EEA-42CD-43BD-B7B4-3038A01C9B0B}.Release|Any CPU.Build.0 = Release|Any CPU
		{4C91B79D-8C20-49B3-8D0C-A4AFBCE8BDB7}.Debug|Any CPU.ActiveCfg = Debug|Any CPU
		{4C91B79D-8C20-49B3-8D0C-A4AFBCE8BDB7}.Debug|Any CPU.Build.0 = Debug|Any CPU
		{4C91B79D-8C20-49B3-8D0C-A4AFBCE8BDB7}.Release|Any CPU.ActiveCfg = Release|Any CPU
		{4C91B79D-8C20-49B3-8D0C-A4AFBCE8BDB7}.Release|Any CPU.Build.0 = Release|Any CPU
		{18DFD245-15CE-44B1-AD55-63B17819F05F}.Debug|Any CPU.ActiveCfg = Debug|Any CPU
		{18DFD245-15CE-44B1-AD55-63B17819F05F}.Debug|Any CPU.Build.0 = Debug|Any CPU
		{18DFD245-15CE-44B1-AD55-63B17819F05F}.Release|Any CPU.ActiveCfg = Release|Any CPU
		{18DFD245-15CE-44B1-AD55-63B17819F05F}.Release|Any CPU.Build.0 = Release|Any CPU
		{DA0D4401-AED1-4D90-A5D7-BDBAC8D3EDBF}.Debug|Any CPU.ActiveCfg = Debug|Any CPU
		{DA0D4401-AED1-4D90-A5D7-BDBAC8D3EDBF}.Debug|Any CPU.Build.0 = Debug|Any CPU
		{DA0D4401-AED1-4D90-A5D7-BDBAC8D3EDBF}.Release|Any CPU.ActiveCfg = Release|Any CPU
		{DA0D4401-AED1-4D90-A5D7-BDBAC8D3EDBF}.Release|Any CPU.Build.0 = Release|Any CPU
		{33315B5D-449F-409F-9F94-0DBA8EC2E0C8}.Debug|Any CPU.ActiveCfg = Debug|Any CPU
		{33315B5D-449F-409F-9F94-0DBA8EC2E0C8}.Debug|Any CPU.Build.0 = Debug|Any CPU
		{33315B5D-449F-409F-9F94-0DBA8EC2E0C8}.Release|Any CPU.ActiveCfg = Release|Any CPU
		{33315B5D-449F-409F-9F94-0DBA8EC2E0C8}.Release|Any CPU.Build.0 = Release|Any CPU
		{CD76EA6A-776B-44E7-956B-7E101CC464CD}.Debug|Any CPU.ActiveCfg = Debug|Any CPU
		{CD76EA6A-776B-44E7-956B-7E101CC464CD}.Debug|Any CPU.Build.0 = Debug|Any CPU
		{CD76EA6A-776B-44E7-956B-7E101CC464CD}.Release|Any CPU.ActiveCfg = Release|Any CPU
		{CD76EA6A-776B-44E7-956B-7E101CC464CD}.Release|Any CPU.Build.0 = Release|Any CPU
	EndGlobalSection
	GlobalSection(SolutionProperties) = preSolution
		HideSolutionNode = FALSE
	EndGlobalSection
	GlobalSection(ExtensibilityGlobals) = postSolution
		SolutionGuid = {97B6412E-5192-4778-AF85-4F2310A711EB}
	EndGlobalSection
EndGlobal
